
Microsoft Visual Studio Solution File, Format Version 12.00
# Visual Studio Version 17
VisualStudioVersion = 17.2.32526.322
MinimumVisualStudioVersion = 10.0.40219.1
Project("{9A19103F-16F7-4668-BE54-9A1E7A4F7556}") = "SuperShopGS", "SuperShopGS\SuperShopGS.csproj", "{2D1E681A-480E-4FD2-A5CD-E15ACE2CE1AB}"
EndProject
Project("{FAE04EC0-301F-11D3-BF4B-00C04F79EFBC}") = "SuperShop.Prism", "SuperShop.Prism\SuperShop.Prism\SuperShop.Prism.csproj", "{491430B8-11E8-454F-8A99-D3725017D5A2}"
EndProject
Project("{FAE04EC0-301F-11D3-BF4B-00C04F79EFBC}") = "SuperShop.Prism.Android", "SuperShop.Prism\SuperShop.Prism.Android\SuperShop.Prism.Android.csproj", "{68281D29-5326-4A5F-9D0E-B79E69BDF602}"
EndProject
Project("{FAE04EC0-301F-11D3-BF4B-00C04F79EFBC}") = "SuperShop.Prism.iOS", "SuperShop.Prism\SuperShop.Prism.iOS\SuperShop.Prism.iOS.csproj", "{434D41F8-8361-4424-B83A-DBD18689C4B4}"
EndProject
Global
	GlobalSection(SolutionConfigurationPlatforms) = preSolution
		Ad-Hoc|Any CPU = Ad-Hoc|Any CPU
		Ad-Hoc|iPhone = Ad-Hoc|iPhone
		Ad-Hoc|iPhoneSimulator = Ad-Hoc|iPhoneSimulator
		AppStore|Any CPU = AppStore|Any CPU
		AppStore|iPhone = AppStore|iPhone
		AppStore|iPhoneSimulator = AppStore|iPhoneSimulator
		Debug|Any CPU = Debug|Any CPU
		Debug|iPhone = Debug|iPhone
		Debug|iPhoneSimulator = Debug|iPhoneSimulator
		Release|Any CPU = Release|Any CPU
		Release|iPhone = Release|iPhone
		Release|iPhoneSimulator = Release|iPhoneSimulator
	EndGlobalSection
	GlobalSection(ProjectConfigurationPlatforms) = postSolution
		{2D1E681A-480E-4FD2-A5CD-E15ACE2CE1AB}.Ad-Hoc|Any CPU.ActiveCfg = Release|Any CPU
		{2D1E681A-480E-4FD2-A5CD-E15ACE2CE1AB}.Ad-Hoc|Any CPU.Build.0 = Release|Any CPU
		{2D1E681A-480E-4FD2-A5CD-E15ACE2CE1AB}.Ad-Hoc|iPhone.ActiveCfg = Release|Any CPU
		{2D1E681A-480E-4FD2-A5CD-E15ACE2CE1AB}.Ad-Hoc|iPhone.Build.0 = Release|Any CPU
		{2D1E681A-480E-4FD2-A5CD-E15ACE2CE1AB}.Ad-Hoc|iPhoneSimulator.ActiveCfg = Release|Any CPU
		{2D1E681A-480E-4FD2-A5CD-E15ACE2CE1AB}.Ad-Hoc|iPhoneSimulator.Build.0 = Release|Any CPU
		{2D1E681A-480E-4FD2-A5CD-E15ACE2CE1AB}.AppStore|Any CPU.ActiveCfg = Release|Any CPU
		{2D1E681A-480E-4FD2-A5CD-E15ACE2CE1AB}.AppStore|Any CPU.Build.0 = Release|Any CPU
		{2D1E681A-480E-4FD2-A5CD-E15ACE2CE1AB}.AppStore|iPhone.ActiveCfg = Release|Any CPU
		{2D1E681A-480E-4FD2-A5CD-E15ACE2CE1AB}.AppStore|iPhone.Build.0 = Release|Any CPU
		{2D1E681A-480E-4FD2-A5CD-E15ACE2CE1AB}.AppStore|iPhoneSimulator.ActiveCfg = Release|Any CPU
		{2D1E681A-480E-4FD2-A5CD-E15ACE2CE1AB}.AppStore|iPhoneSimulator.Build.0 = Release|Any CPU
		{2D1E681A-480E-4FD2-A5CD-E15ACE2CE1AB}.Debug|Any CPU.ActiveCfg = Debug|Any CPU
		{2D1E681A-480E-4FD2-A5CD-E15ACE2CE1AB}.Debug|Any CPU.Build.0 = Debug|Any CPU
		{2D1E681A-480E-4FD2-A5CD-E15ACE2CE1AB}.Debug|iPhone.ActiveCfg = Debug|Any CPU
		{2D1E681A-480E-4FD2-A5CD-E15ACE2CE1AB}.Debug|iPhone.Build.0 = Debug|Any CPU
		{2D1E681A-480E-4FD2-A5CD-E15ACE2CE1AB}.Debug|iPhoneSimulator.ActiveCfg = Debug|Any CPU
		{2D1E681A-480E-4FD2-A5CD-E15ACE2CE1AB}.Debug|iPhoneSimulator.Build.0 = Debug|Any CPU
		{2D1E681A-480E-4FD2-A5CD-E15ACE2CE1AB}.Release|Any CPU.ActiveCfg = Release|Any CPU
		{2D1E681A-480E-4FD2-A5CD-E15ACE2CE1AB}.Release|Any CPU.Build.0 = Release|Any CPU
		{2D1E681A-480E-4FD2-A5CD-E15ACE2CE1AB}.Release|iPhone.ActiveCfg = Release|Any CPU
		{2D1E681A-480E-4FD2-A5CD-E15ACE2CE1AB}.Release|iPhone.Build.0 = Release|Any CPU
		{2D1E681A-480E-4FD2-A5CD-E15ACE2CE1AB}.Release|iPhoneSimulator.ActiveCfg = Release|Any CPU
		{2D1E681A-480E-4FD2-A5CD-E15ACE2CE1AB}.Release|iPhoneSimulator.Build.0 = Release|Any CPU
		{491430B8-11E8-454F-8A99-D3725017D5A2}.Ad-Hoc|Any CPU.ActiveCfg = Debug|Any CPU
		{491430B8-11E8-454F-8A99-D3725017D5A2}.Ad-Hoc|Any CPU.Build.0 = Debug|Any CPU
		{491430B8-11E8-454F-8A99-D3725017D5A2}.Ad-Hoc|iPhone.ActiveCfg = Debug|Any CPU
		{491430B8-11E8-454F-8A99-D3725017D5A2}.Ad-Hoc|iPhone.Build.0 = Debug|Any CPU
		{491430B8-11E8-454F-8A99-D3725017D5A2}.Ad-Hoc|iPhoneSimulator.ActiveCfg = Debug|Any CPU
		{491430B8-11E8-454F-8A99-D3725017D5A2}.Ad-Hoc|iPhoneSimulator.Build.0 = Debug|Any CPU
		{491430B8-11E8-454F-8A99-D3725017D5A2}.AppStore|Any CPU.ActiveCfg = Debug|Any CPU
		{491430B8-11E8-454F-8A99-D3725017D5A2}.AppStore|Any CPU.Build.0 = Debug|Any CPU
		{491430B8-11E8-454F-8A99-D3725017D5A2}.AppStore|iPhone.ActiveCfg = Debug|Any CPU
		{491430B8-11E8-454F-8A99-D3725017D5A2}.AppStore|iPhone.Build.0 = Debug|Any CPU
		{491430B8-11E8-454F-8A99-D3725017D5A2}.AppStore|iPhoneSimulator.ActiveCfg = Debug|Any CPU
		{491430B8-11E8-454F-8A99-D3725017D5A2}.AppStore|iPhoneSimulator.Build.0 = Debug|Any CPU
		{491430B8-11E8-454F-8A99-D3725017D5A2}.Debug|Any CPU.ActiveCfg = Debug|Any CPU
		{491430B8-11E8-454F-8A99-D3725017D5A2}.Debug|Any CPU.Build.0 = Debug|Any CPU
		{491430B8-11E8-454F-8A99-D3725017D5A2}.Debug|iPhone.ActiveCfg = Debug|Any CPU
		{491430B8-11E8-454F-8A99-D3725017D5A2}.Debug|iPhone.Build.0 = Debug|Any CPU
		{491430B8-11E8-454F-8A99-D3725017D5A2}.Debug|iPhoneSimulator.ActiveCfg = Debug|Any CPU
		{491430B8-11E8-454F-8A99-D3725017D5A2}.Debug|iPhoneSimulator.Build.0 = Debug|Any CPU
		{491430B8-11E8-454F-8A99-D3725017D5A2}.Release|Any CPU.ActiveCfg = Release|Any CPU
		{491430B8-11E8-454F-8A99-D3725017D5A2}.Release|Any CPU.Build.0 = Release|Any CPU
		{491430B8-11E8-454F-8A99-D3725017D5A2}.Release|iPhone.ActiveCfg = Release|Any CPU
		{491430B8-11E8-454F-8A99-D3725017D5A2}.Release|iPhone.Build.0 = Release|Any CPU
		{491430B8-11E8-454F-8A99-D3725017D5A2}.Release|iPhoneSimulator.ActiveCfg = Release|Any CPU
		{491430B8-11E8-454F-8A99-D3725017D5A2}.Release|iPhoneSimulator.Build.0 = Release|Any CPU
		{68281D29-5326-4A5F-9D0E-B79E69BDF602}.Ad-Hoc|Any CPU.ActiveCfg = Debug|Any CPU
		{68281D29-5326-4A5F-9D0E-B79E69BDF602}.Ad-Hoc|Any CPU.Build.0 = Debug|Any CPU
		{68281D29-5326-4A5F-9D0E-B79E69BDF602}.Ad-Hoc|Any CPU.Deploy.0 = Debug|Any CPU
		{68281D29-5326-4A5F-9D0E-B79E69BDF602}.Ad-Hoc|iPhone.ActiveCfg = Debug|Any CPU
		{68281D29-5326-4A5F-9D0E-B79E69BDF602}.Ad-Hoc|iPhone.Build.0 = Debug|Any CPU
		{68281D29-5326-4A5F-9D0E-B79E69BDF602}.Ad-Hoc|iPhone.Deploy.0 = Debug|Any CPU
		{68281D29-5326-4A5F-9D0E-B79E69BDF602}.Ad-Hoc|iPhoneSimulator.ActiveCfg = Debug|Any CPU
		{68281D29-5326-4A5F-9D0E-B79E69BDF602}.Ad-Hoc|iPhoneSimulator.Build.0 = Debug|Any CPU
		{68281D29-5326-4A5F-9D0E-B79E69BDF602}.Ad-Hoc|iPhoneSimulator.Deploy.0 = Debug|Any CPU
		{68281D29-5326-4A5F-9D0E-B79E69BDF602}.AppStore|Any CPU.ActiveCfg = Debug|Any CPU
		{68281D29-5326-4A5F-9D0E-B79E69BDF602}.AppStore|Any CPU.Build.0 = Debug|Any CPU
		{68281D29-5326-4A5F-9D0E-B79E69BDF602}.AppStore|Any CPU.Deploy.0 = Debug|Any CPU
		{68281D29-5326-4A5F-9D0E-B79E69BDF602}.AppStore|iPhone.ActiveCfg = Debug|Any CPU
		{68281D29-5326-4A5F-9D0E-B79E69BDF602}.AppStore|iPhone.Build.0 = Debug|Any CPU
		{68281D29-5326-4A5F-9D0E-B79E69BDF602}.AppStore|iPhone.Deploy.0 = Debug|Any CPU
		{68281D29-5326-4A5F-9D0E-B79E69BDF602}.AppStore|iPhoneSimulator.ActiveCfg = Debug|Any CPU
		{68281D29-5326-4A5F-9D0E-B79E69BDF602}.AppStore|iPhoneSimulator.Build.0 = Debug|Any CPU
		{68281D29-5326-4A5F-9D0E-B79E69BDF602}.AppStore|iPhoneSimulator.Deploy.0 = Debug|Any CPU
		{68281D29-5326-4A5F-9D0E-B79E69BDF602}.Debug|Any CPU.ActiveCfg = Debug|Any CPU
		{68281D29-5326-4A5F-9D0E-B79E69BDF602}.Debug|Any CPU.Build.0 = Debug|Any CPU
		{68281D29-5326-4A5F-9D0E-B79E69BDF602}.Debug|Any CPU.Deploy.0 = Debug|Any CPU
		{68281D29-5326-4A5F-9D0E-B79E69BDF602}.Debug|iPhone.ActiveCfg = Debug|Any CPU
		{68281D29-5326-4A5F-9D0E-B79E69BDF602}.Debug|iPhone.Build.0 = Debug|Any CPU
		{68281D29-5326-4A5F-9D0E-B79E69BDF602}.Debug|iPhone.Deploy.0 = Debug|Any CPU
		{68281D29-5326-4A5F-9D0E-B79E69BDF602}.Debug|iPhoneSimulator.ActiveCfg = Debug|Any CPU
		{68281D29-5326-4A5F-9D0E-B79E69BDF602}.Debug|iPhoneSimulator.Build.0 = Debug|Any CPU
		{68281D29-5326-4A5F-9D0E-B79E69BDF602}.Debug|iPhoneSimulator.Deploy.0 = Debug|Any CPU
		{68281D29-5326-4A5F-9D0E-B79E69BDF602}.Release|Any CPU.ActiveCfg = Release|Any CPU
		{68281D29-5326-4A5F-9D0E-B79E69BDF602}.Release|Any CPU.Build.0 = Release|Any CPU
		{68281D29-5326-4A5F-9D0E-B79E69BDF602}.Release|Any CPU.Deploy.0 = Release|Any CPU
		{68281D29-5326-4A5F-9D0E-B79E69BDF602}.Release|iPhone.ActiveCfg = Release|Any CPU
		{68281D29-5326-4A5F-9D0E-B79E69BDF602}.Release|iPhone.Build.0 = Release|Any CPU
		{68281D29-5326-4A5F-9D0E-B79E69BDF602}.Release|iPhone.Deploy.0 = Release|Any CPU
		{68281D29-5326-4A5F-9D0E-B79E69BDF602}.Release|iPhoneSimulator.ActiveCfg = Release|Any CPU
		{68281D29-5326-4A5F-9D0E-B79E69BDF602}.Release|iPhoneSimulator.Build.0 = Release|Any CPU
		{68281D29-5326-4A5F-9D0E-B79E69BDF602}.Release|iPhoneSimulator.Deploy.0 = Release|Any CPU
		{434D41F8-8361-4424-B83A-DBD18689C4B4}.Ad-Hoc|Any CPU.ActiveCfg = Ad-Hoc|iPhoneSimulator
		{434D41F8-8361-4424-B83A-DBD18689C4B4}.Ad-Hoc|Any CPU.Build.0 = Ad-Hoc|iPhoneSimulator
		{434D41F8-8361-4424-B83A-DBD18689C4B4}.Ad-Hoc|iPhone.ActiveCfg = Ad-Hoc|iPhone
		{434D41F8-8361-4424-B83A-DBD18689C4B4}.Ad-Hoc|iPhone.Build.0 = Ad-Hoc|iPhone
		{434D41F8-8361-4424-B83A-DBD18689C4B4}.Ad-Hoc|iPhoneSimulator.ActiveCfg = Ad-Hoc|iPhoneSimulator
		{434D41F8-8361-4424-B83A-DBD18689C4B4}.Ad-Hoc|iPhoneSimulator.Build.0 = Ad-Hoc|iPhoneSimulator
		{434D41F8-8361-4424-B83A-DBD18689C4B4}.AppStore|Any CPU.ActiveCfg = AppStore|iPhoneSimulator
		{434D41F8-8361-4424-B83A-DBD18689C4B4}.AppStore|Any CPU.Build.0 = AppStore|iPhoneSimulator
		{434D41F8-8361-4424-B83A-DBD18689C4B4}.AppStore|iPhone.ActiveCfg = AppStore|iPhone
		{434D41F8-8361-4424-B83A-DBD18689C4B4}.AppStore|iPhone.Build.0 = AppStore|iPhone
		{434D41F8-8361-4424-B83A-DBD18689C4B4}.AppStore|iPhoneSimulator.ActiveCfg = AppStore|iPhoneSimulator
		{434D41F8-8361-4424-B83A-DBD18689C4B4}.AppStore|iPhoneSimulator.Build.0 = AppStore|iPhoneSimulator
		{434D41F8-8361-4424-B83A-DBD18689C4B4}.Debug|Any CPU.ActiveCfg = Debug|iPhoneSimulator
		{434D41F8-8361-4424-B83A-DBD18689C4B4}.Debug|Any CPU.Build.0 = Debug|iPhoneSimulator
		{434D41F8-8361-4424-B83A-DBD18689C4B4}.Debug|iPhone.ActiveCfg = Debug|iPhone
		{434D41F8-8361-4424-B83A-DBD18689C4B4}.Debug|iPhone.Build.0 = Debug|iPhone
		{434D41F8-8361-4424-B83A-DBD18689C4B4}.Debug|iPhoneSimulator.ActiveCfg = Debug|iPhoneSimulator
		{434D41F8-8361-4424-B83A-DBD18689C4B4}.Debug|iPhoneSimulator.Build.0 = Debug|iPhoneSimulator
		{434D41F8-8361-4424-B83A-DBD18689C4B4}.Release|Any CPU.ActiveCfg = Release|iPhoneSimulator
		{434D41F8-8361-4424-B83A-DBD18689C4B4}.Release|Any CPU.Build.0 = Release|iPhoneSimulator
		{434D41F8-8361-4424-B83A-DBD18689C4B4}.Release|iPhone.ActiveCfg = Release|iPhone
		{434D41F8-8361-4424-B83A-DBD18689C4B4}.Release|iPhone.Build.0 = Release|iPhone
		{434D41F8-8361-4424-B83A-DBD18689C4B4}.Release|iPhoneSimulator.ActiveCfg = Release|iPhoneSimulator
		{434D41F8-8361-4424-B83A-DBD18689C4B4}.Release|iPhoneSimulator.Build.0 = Release|iPhoneSimulator
	EndGlobalSection
	GlobalSection(SolutionProperties) = preSolution
		HideSolutionNode = FALSE
	EndGlobalSection
	GlobalSection(ExtensibilityGlobals) = postSolution
		SolutionGuid = {79903DAB-CB6B-4BE0-AD7A-0A051F5ACCEA}
	EndGlobalSection
EndGlobal
